
Microsoft Visual Studio Solution File, Format Version 12.00
# Visual Studio 14
VisualStudioVersion = 14.0.24720.0
MinimumVisualStudioVersion = 10.0.40219.1
Project("{FAE04EC0-301F-11D3-BF4B-00C04F79EFBC}") = "MyFirstWebApplication", "MyFirstWebApplication\MyFirstWebApplication.csproj", "{2674B14F-EB1B-4589-AA5B-1BD33F6D9026}"
EndProject
Project("{FAE04EC0-301F-11D3-BF4B-00C04F79EFBC}") = "MyFirstWebApplicationTests", "MyFirstWebApplicationTests\MyFirstWebApplicationTests.csproj", "{2C5C8036-0CC6-46C2-947E-8AAAE69152AA}"
EndProject
Global
	GlobalSection(SolutionConfigurationPlatforms) = preSolution
		Debug|Any CPU = Debug|Any CPU
		Release|Any CPU = Release|Any CPU
	EndGlobalSection
	GlobalSection(ProjectConfigurationPlatforms) = postSolution
		{2674B14F-EB1B-4589-AA5B-1BD33F6D9026}.Debug|Any CPU.ActiveCfg = Debug|Any CPU
		{2674B14F-EB1B-4589-AA5B-1BD33F6D9026}.Debug|Any CPU.Build.0 = Debug|Any CPU
		{2674B14F-EB1B-4589-AA5B-1BD33F6D9026}.Release|Any CPU.ActiveCfg = Release|Any CPU
		{2674B14F-EB1B-4589-AA5B-1BD33F6D9026}.Release|Any CPU.Build.0 = Release|Any CPU
		{2C5C8036-0CC6-46C2-947E-8AAAE69152AA}.Debug|Any CPU.ActiveCfg = Debug|Any CPU
		{2C5C8036-0CC6-46C2-947E-8AAAE69152AA}.Debug|Any CPU.Build.0 = Debug|Any CPU
		{2C5C8036-0CC6-46C2-947E-8AAAE69152AA}.Release|Any CPU.ActiveCfg = Release|Any CPU
		{2C5C8036-0CC6-46C2-947E-8AAAE69152AA}.Release|Any CPU.Build.0 = Release|Any CPU
	EndGlobalSection
	GlobalSection(SolutionProperties) = preSolution
		HideSolutionNode = FALSE
	EndGlobalSection
EndGlobal
